
Microsoft Visual Studio Solution File, Format Version 12.00
# Visual Studio Version 16
VisualStudioVersion = 16.0.31515.178
MinimumVisualStudioVersion = 10.0.40219.1
Project("{FAE04EC0-301F-11D3-BF4B-00C04F79EFBC}") = "Checkers", "Checkers\Checkers.csproj", "{EAA278D4-3C16-443D-9187-CE31CBBDE8DA}"
EndProject
Global
	GlobalSection(SolutionConfigurationPlatforms) = preSolution
		Debug|Any CPU = Debug|Any CPU
		Release|Any CPU = Release|Any CPU
	EndGlobalSection
	GlobalSection(ProjectConfigurationPlatforms) = postSolution
		{EAA278D4-3C16-443D-9187-CE31CBBDE8DA}.Debug|Any CPU.ActiveCfg = Debug|Any CPU
		{EAA278D4-3C16-443D-9187-CE31CBBDE8DA}.Debug|Any CPU.Build.0 = Debug|Any CPU
		{EAA278D4-3C16-443D-9187-CE31CBBDE8DA}.Release|Any CPU.ActiveCfg = Release|Any CPU
		{EAA278D4-3C16-443D-9187-CE31CBBDE8DA}.Release|Any CPU.Build.0 = Release|Any CPU
	EndGlobalSection
	GlobalSection(SolutionProperties) = preSolution
		HideSolutionNode = FALSE
	EndGlobalSection
	GlobalSection(ExtensibilityGlobals) = postSolution
		SolutionGuid = {FF96E0F9-BB6F-48DC-9F4C-72630C656D09}
	EndGlobalSection
EndGlobal
